PODS:
  - Flutter (1.0.0)
  - sound_stream (0.0.1):
    - Flutter

DEPENDENCIES:
  - Flutter (from `Flutter`)
  - sound_stream (from `.symlinks/plugins/sound_stream/ios`)

EXTERNAL SOURCES:
  Flutter:
    :path: Flutter
  sound_stream:
    :path: ".symlinks/plugins/sound_stream/ios"

SPEC CHECKSUMS:
  Flutter: f04841e97a9d0b0a8025694d0796dd46242b2854
  sound_stream: eba0f2a5994b91d9e5009a739df6e98515a7b44f

PODFILE CHECKSUM: 94b700da46e2c82b6cf27a42198057964de975ce

COCOAPODS: 1.11.3
